
Microsoft Visual Studio Solution File, Format Version 12.00
# Visual Studio Version 17
VisualStudioVersion = 17.8.34309.116
MinimumVisualStudioVersion = 10.0.40219.1
Project("{FAE04EC0-301F-11D3-BF4B-00C04F79EFBC}") = "Kluster.Host", "Kluster.Host\Kluster.Host.csproj", "{D4FCFFDF-C543-4348-83CE-4563A76B2D09}"
EndProject
Project("{FAE04EC0-301F-11D3-BF4B-00C04F79EFBC}") = "Kluster.UserModule", "Kluster.UserModule\Kluster.UserModule.csproj", "{5DB9672C-D213-4B9A-9B83-BC31E86E6BC8}"
EndProject
Project("{FAE04EC0-301F-11D3-BF4B-00C04F79EFBC}") = "Kluster.BusinessModule", "Kluster.BusinessModule\Kluster.BusinessModule.csproj", "{7F083510-F25F-4B40-868C-9E74E37C8152}"
EndProject
Project("{FAE04EC0-301F-11D3-BF4B-00C04F79EFBC}") = "Kluster.PaymentModule", "Kluster.PaymentModule\Kluster.PaymentModule.csproj", "{E3FA2B44-26DE-46BB-8033-89C5A7EBB4AA}"
EndProject
Project("{FAE04EC0-301F-11D3-BF4B-00C04F79EFBC}") = "Kluster.NotificationModule", "Kluster.NotificationModule\Kluster.NotificationModule.csproj", "{233CA9BD-17CA-4588-B235-F8042624D47E}"
EndProject
Project("{FAE04EC0-301F-11D3-BF4B-00C04F79EFBC}") = "Kluster.Shared", "Kluster.Shared\Kluster.Shared.csproj", "{040698DE-E2F3-4B1A-A93B-E0B47A21B6F2}"
EndProject
Project("{2150E333-8FDC-42A3-9474-1A3956D46DE8}") = "Solution Items", "Solution Items", "{8383AEF5-DA3D-4BCE-9F14-6304B7FCA425}"
	ProjectSection(SolutionItems) = preProject
		docker-compose.yml = docker-compose.yml
	EndProjectSection
EndProject
Project("{FAE04EC0-301F-11D3-BF4B-00C04F79EFBC}") = "Kluster.MessagingModule", "Kluster.MessagingModule\Kluster.MessagingModule.csproj", "{FB2B743B-DB2F-4129-B8D7-BBD84058B159}"
EndProject
Global
	GlobalSection(SolutionConfigurationPlatforms) = preSolution
		Debug|Any CPU = Debug|Any CPU
		Release|Any CPU = Release|Any CPU
	EndGlobalSection
	GlobalSection(ProjectConfigurationPlatforms) = postSolution
		{D4FCFFDF-C543-4348-83CE-4563A76B2D09}.Debug|Any CPU.ActiveCfg = Debug|Any CPU
		{D4FCFFDF-C543-4348-83CE-4563A76B2D09}.Debug|Any CPU.Build.0 = Debug|Any CPU
		{D4FCFFDF-C543-4348-83CE-4563A76B2D09}.Release|Any CPU.ActiveCfg = Release|Any CPU
		{D4FCFFDF-C543-4348-83CE-4563A76B2D09}.Release|Any CPU.Build.0 = Release|Any CPU
		{5DB9672C-D213-4B9A-9B83-BC31E86E6BC8}.Debug|Any CPU.ActiveCfg = Debug|Any CPU
		{5DB9672C-D213-4B9A-9B83-BC31E86E6BC8}.Debug|Any CPU.Build.0 = Debug|Any CPU
		{5DB9672C-D213-4B9A-9B83-BC31E86E6BC8}.Release|Any CPU.ActiveCfg = Release|Any CPU
		{5DB9672C-D213-4B9A-9B83-BC31E86E6BC8}.Release|Any CPU.Build.0 = Release|Any CPU
		{7F083510-F25F-4B40-868C-9E74E37C8152}.Debug|Any CPU.ActiveCfg = Debug|Any CPU
		{7F083510-F25F-4B40-868C-9E74E37C8152}.Debug|Any CPU.Build.0 = Debug|Any CPU
		{7F083510-F25F-4B40-868C-9E74E37C8152}.Release|Any CPU.ActiveCfg = Release|Any CPU
		{7F083510-F25F-4B40-868C-9E74E37C8152}.Release|Any CPU.Build.0 = Release|Any CPU
		{E3FA2B44-26DE-46BB-8033-89C5A7EBB4AA}.Debug|Any CPU.ActiveCfg = Debug|Any CPU
		{E3FA2B44-26DE-46BB-8033-89C5A7EBB4AA}.Debug|Any CPU.Build.0 = Debug|Any CPU
		{E3FA2B44-26DE-46BB-8033-89C5A7EBB4AA}.Release|Any CPU.ActiveCfg = Release|Any CPU
		{E3FA2B44-26DE-46BB-8033-89C5A7EBB4AA}.Release|Any CPU.Build.0 = Release|Any CPU
		{233CA9BD-17CA-4588-B235-F8042624D47E}.Debug|Any CPU.ActiveCfg = Debug|Any CPU
		{233CA9BD-17CA-4588-B235-F8042624D47E}.Debug|Any CPU.Build.0 = Debug|Any CPU
		{233CA9BD-17CA-4588-B235-F8042624D47E}.Release|Any CPU.ActiveCfg = Release|Any CPU
		{233CA9BD-17CA-4588-B235-F8042624D47E}.Release|Any CPU.Build.0 = Release|Any CPU
		{040698DE-E2F3-4B1A-A93B-E0B47A21B6F2}.Debug|Any CPU.ActiveCfg = Debug|Any CPU
		{040698DE-E2F3-4B1A-A93B-E0B47A21B6F2}.Debug|Any CPU.Build.0 = Debug|Any CPU
		{040698DE-E2F3-4B1A-A93B-E0B47A21B6F2}.Release|Any CPU.ActiveCfg = Release|Any CPU
		{040698DE-E2F3-4B1A-A93B-E0B47A21B6F2}.Release|Any CPU.Build.0 = Release|Any CPU
		{FB2B743B-DB2F-4129-B8D7-BBD84058B159}.Debug|Any CPU.ActiveCfg = Debug|Any CPU
		{FB2B743B-DB2F-4129-B8D7-BBD84058B159}.Debug|Any CPU.Build.0 = Debug|Any CPU
		{FB2B743B-DB2F-4129-B8D7-BBD84058B159}.Release|Any CPU.ActiveCfg = Release|Any CPU
		{FB2B743B-DB2F-4129-B8D7-BBD84058B159}.Release|Any CPU.Build.0 = Release|Any CPU
	EndGlobalSection
	GlobalSection(SolutionProperties) = preSolution
		HideSolutionNode = FALSE
	EndGlobalSection
	GlobalSection(ExtensibilityGlobals) = postSolution
		SolutionGuid = {4AED3C38-B5F1-4F93-8A7F-CACC6A0E3742}
	EndGlobalSection
EndGlobal
